
Microsoft Visual Studio Solution File, Format Version 12.00
# Visual Studio 15
VisualStudioVersion = 15.0.27004.2010
MinimumVisualStudioVersion = 10.0.40219.1
Project("{FAE04EC0-301F-11D3-BF4B-00C04F79EFBC}") = "Zotik", "Zotik\Zotik.csproj", "{555E9E8E-A7E4-4213-8ACF-8986FA36DDD2}"
EndProject
Global
	GlobalSection(SolutionConfigurationPlatforms) = preSolution
		Debug|Any CPU = Debug|Any CPU
		Release|Any CPU = Release|Any CPU
	EndGlobalSection
	GlobalSection(ProjectConfigurationPlatforms) = postSolution
		{555E9E8E-A7E4-4213-8ACF-8986FA36DDD2}.Debug|Any CPU.ActiveCfg = Debug|Any CPU
		{555E9E8E-A7E4-4213-8ACF-8986FA36DDD2}.Debug|Any CPU.Build.0 = Debug|Any CPU
		{555E9E8E-A7E4-4213-8ACF-8986FA36DDD2}.Release|Any CPU.ActiveCfg = Release|Any CPU
		{555E9E8E-A7E4-4213-8ACF-8986FA36DDD2}.Release|Any CPU.Build.0 = Release|Any CPU
	EndGlobalSection
	GlobalSection(SolutionProperties) = preSolution
		HideSolutionNode = FALSE
	EndGlobalSection
	GlobalSection(ExtensibilityGlobals) = postSolution
		SolutionGuid = {8AC54CF3-2BFC-43C4-B7BB-9091D63C6C68}
	EndGlobalSection
EndGlobal
